
Microsoft Visual Studio Solution File, Format Version 12.00
# Visual Studio Version 17
VisualStudioVersion = 17.14.36202.13 d17.14
MinimumVisualStudioVersion = 10.0.40219.1
Project("{FAE04EC0-301F-11D3-BF4B-00C04F79EFBC}") = "EXCELHelper", "EXCELHelper\EXCELHelper.csproj", "{DF8455B0-D9C5-4F8C-944C-D9808CEB0F3E}"
EndProject
Project("{FAE04EC0-301F-11D3-BF4B-00C04F79EFBC}") = "EXCELHelperDemo", "EXCELHelperDemo\EXCELHelperDemo.csproj", "{7248324C-AE01-4B7F-923B-4D48F6122AEE}"
EndProject
Global
	GlobalSection(SolutionConfigurationPlatforms) = preSolution
		Debug|Any CPU = Debug|Any CPU
		Release|Any CPU = Release|Any CPU
	EndGlobalSection
	GlobalSection(ProjectConfigurationPlatforms) = postSolution
		{DF8455B0-D9C5-4F8C-944C-D9808CEB0F3E}.Debug|Any CPU.ActiveCfg = Debug|Any CPU
		{DF8455B0-D9C5-4F8C-944C-D9808CEB0F3E}.Debug|Any CPU.Build.0 = Debug|Any CPU
		{DF8455B0-D9C5-4F8C-944C-D9808CEB0F3E}.Release|Any CPU.ActiveCfg = Release|Any CPU
		{DF8455B0-D9C5-4F8C-944C-D9808CEB0F3E}.Release|Any CPU.Build.0 = Release|Any CPU
		{7248324C-AE01-4B7F-923B-4D48F6122AEE}.Debug|Any CPU.ActiveCfg = Debug|Any CPU
		{7248324C-AE01-4B7F-923B-4D48F6122AEE}.Debug|Any CPU.Build.0 = Debug|Any CPU
		{7248324C-AE01-4B7F-923B-4D48F6122AEE}.Release|Any CPU.ActiveCfg = Release|Any CPU
		{7248324C-AE01-4B7F-923B-4D48F6122AEE}.Release|Any CPU.Build.0 = Release|Any CPU
	EndGlobalSection
	GlobalSection(SolutionProperties) = preSolution
		HideSolutionNode = FALSE
	EndGlobalSection
	GlobalSection(ExtensibilityGlobals) = postSolution
		SolutionGuid = {7DCED118-F674-4FDF-8B35-5E8D180C771E}
	EndGlobalSection
EndGlobal
